hash: ff23a5d1908b5246c6c8d9de89714684f34047bc8f781b5a767957de8c2d9250
updated: 2020-03-11T14:23:48.010694-07:00
imports:
- name: github.com/fsnotify/fsnotify
  version: 45d7d09e39ef4ac08d493309fa031790c15bfe8a
- name: github.com/hashicorp/hcl
  version: 914dc3f8dd7c463188c73fc47e9ced82a6e421ca
  subpackages:
  - hcl/ast
  - hcl/parser
  - hcl/printer
  - hcl/scanner
  - hcl/strconv
  - hcl/token
  - json/parser
  - json/scanner
  - json/token
- name: github.com/inconshreveable/mousetrap
  version: 76626ae9c91c4f2a10f34cad8ce83ea42c93bb75
- name: github.com/ion-channel/ionic
  version: 9d23d752b0268f164516f9a026784f1cf970a073
  subpackages:
  - aliases
  - analyses
  - community
  - deliveries
  - dependencies
  - digests
  - errors
  - pagination
  - portfolios
  - products
  - projects
  - reports
  - requests
  - responses
  - rules
  - rulesets
  - scanner
  - scans
  - searches
  - tags
  - teams
  - teamusers
  - users
  - vulnerabilities
- name: github.com/magiconair/properties
  version: a586bb8b7deaae2a0eb4c6c8b63a539425628137
- name: github.com/mitchellh/mapstructure
  version: 3536a929edddb9a5b34bd6861dc4a9647cb459fe
- name: github.com/pelletier/go-toml
  version: 3503483c7399484b41d346f503aa2ddc4b16857d
- name: github.com/spf13/afero
  version: 588a75ec4f32903aa5e39a2619ba6a4631e28424
  subpackages:
  - mem
- name: github.com/spf13/cast
  version: 1ffadf551085444af981432dd0f6d1160c11ec64
- name: github.com/spf13/cobra
  version: ef82de70bb3f60c65fb8eebacbb2d122ef517385
- name: github.com/spf13/jwalterweatherman
  version: 94f6ae3ed3bceceafa716478c5fbf8d29ca601a1
- name: github.com/spf13/pflag
  version: 2e9d26c8c37aae03e3f9d4e90b7116f5accb7cab
- name: github.com/spf13/viper
  version: 6d33b5a963d922d182c91e8a1c88d81fd150cfd4
- name: golang.org/x/crypto
  version: 346896d57731cb5670b36c6178fc5519f3225980
  subpackages:
  - ssh/terminal
- name: golang.org/x/sys
  version: 5c8b2ff67527cb88b770f693cebf3799036d8bc0
  subpackages:
  - unix
- name: golang.org/x/text
  version: 06d492aade888ab8698aad35476286b7b555c961
  subpackages:
  - transform
  - unicode/norm
- name: gopkg.in/yaml.v2
  version: 53403b58ad1b561927d19068c655246f2db79d48
testImports: []
